
Microsoft Visual Studio Solution File, Format Version 12.00
# Visual Studio Version 17
VisualStudioVersion = 17.12.35707.178 d17.12
MinimumVisualStudioVersion = 10.0.40219.1
Project("{FAE04EC0-301F-11D3-BF4B-00C04F79EFBC}") = "TestTask", "TestTask.csproj", "{719A4D0A-2F3D-43FA-AC3A-45E64DCAD5DE}"
EndProject
Global
	GlobalSection(SolutionConfigurationPlatforms) = preSolution
		Debug|Any CPU = Debug|Any CPU
		Release|Any CPU = Release|Any CPU
	EndGlobalSection
	GlobalSection(ProjectConfigurationPlatforms) = postSolution
		{719A4D0A-2F3D-43FA-AC3A-45E64DCAD5DE}.Debug|Any CPU.ActiveCfg = Debug|Any CPU
		{719A4D0A-2F3D-43FA-AC3A-45E64DCAD5DE}.Debug|Any CPU.Build.0 = Debug|Any CPU
		{719A4D0A-2F3D-43FA-AC3A-45E64DCAD5DE}.Release|Any CPU.ActiveCfg = Release|Any CPU
		{719A4D0A-2F3D-43FA-AC3A-45E64DCAD5DE}.Release|Any CPU.Build.0 = Release|Any CPU
	EndGlobalSection
	GlobalSection(SolutionProperties) = preSolution
		HideSolutionNode = FALSE
	EndGlobalSection
EndGlobal
